
Microsoft Visual Studio Solution File, Format Version 12.00
# Visual Studio Version 17
VisualStudioVersion = 17.6.33815.320
MinimumVisualStudioVersion = 10.0.40219.1
Project("{9A19103F-16F7-4668-BE54-9A1E7A4F7556}") = "WebAPI", "CoderbyteAssessment\WebAPI.csproj", "{0148ABAC-4FDA-4C95-9746-5AD73881F263}"
EndProject
Project("{9A19103F-16F7-4668-BE54-9A1E7A4F7556}") = "DataAccessLayer", "DataAccessLayer\DataAccessLayer.csproj", "{417CB610-4A8F-4676-AB43-17AD28231F6E}"
EndProject
Project("{9A19103F-16F7-4668-BE54-9A1E7A4F7556}") = "BusinessLogicLayer", "BusinessLogicLayer\BusinessLogicLayer.csproj", "{5ED55535-A9EA-4800-993D-119037988FC7}"
EndProject
Project("{FAE04EC0-301F-11D3-BF4B-00C04F79EFBC}") = "TestProject", "TestProject\TestProject.csproj", "{0908ACC6-A26F-44E8-A18B-DF879F5D2447}"
EndProject
Global
	GlobalSection(SolutionConfigurationPlatforms) = preSolution
		Debug|Any CPU = Debug|Any CPU
		Release|Any CPU = Release|Any CPU
	EndGlobalSection
	GlobalSection(ProjectConfigurationPlatforms) = postSolution
		{0148ABAC-4FDA-4C95-9746-5AD73881F263}.Debug|Any CPU.ActiveCfg = Debug|Any CPU
		{0148ABAC-4FDA-4C95-9746-5AD73881F263}.Debug|Any CPU.Build.0 = Debug|Any CPU
		{0148ABAC-4FDA-4C95-9746-5AD73881F263}.Release|Any CPU.ActiveCfg = Release|Any CPU
		{0148ABAC-4FDA-4C95-9746-5AD73881F263}.Release|Any CPU.Build.0 = Release|Any CPU
		{417CB610-4A8F-4676-AB43-17AD28231F6E}.Debug|Any CPU.ActiveCfg = Debug|Any CPU
		{417CB610-4A8F-4676-AB43-17AD28231F6E}.Debug|Any CPU.Build.0 = Debug|Any CPU
		{417CB610-4A8F-4676-AB43-17AD28231F6E}.Release|Any CPU.ActiveCfg = Release|Any CPU
		{417CB610-4A8F-4676-AB43-17AD28231F6E}.Release|Any CPU.Build.0 = Release|Any CPU
		{5ED55535-A9EA-4800-993D-119037988FC7}.Debug|Any CPU.ActiveCfg = Debug|Any CPU
		{5ED55535-A9EA-4800-993D-119037988FC7}.Debug|Any CPU.Build.0 = Debug|Any CPU
		{5ED55535-A9EA-4800-993D-119037988FC7}.Release|Any CPU.ActiveCfg = Release|Any CPU
		{5ED55535-A9EA-4800-993D-119037988FC7}.Release|Any CPU.Build.0 = Release|Any CPU
		{0908ACC6-A26F-44E8-A18B-DF879F5D2447}.Debug|Any CPU.ActiveCfg = Debug|Any CPU
		{0908ACC6-A26F-44E8-A18B-DF879F5D2447}.Debug|Any CPU.Build.0 = Debug|Any CPU
		{0908ACC6-A26F-44E8-A18B-DF879F5D2447}.Release|Any CPU.ActiveCfg = Release|Any CPU
		{0908ACC6-A26F-44E8-A18B-DF879F5D2447}.Release|Any CPU.Build.0 = Release|Any CPU
	EndGlobalSection
	GlobalSection(SolutionProperties) = preSolution
		HideSolutionNode = FALSE
	EndGlobalSection
	GlobalSection(ExtensibilityGlobals) = postSolution
		SolutionGuid = {ABE31D43-818D-4C63-9AF3-8EB0D179D083}
	EndGlobalSection
EndGlobal
